{
  "version": "5",
  "remote": {
    "https://edge.netlify.com/": "fd941d61d88673d5f28aab283fb86fcc50f08a3bc80ee5470498fcfa88c65cfb",
    "https://edge.netlify.com/bootstrap/config.ts": "6a2ce0e544e15e8f8883a5c18da5948e37fd0f2619f68cb31f3af53c51817025",
    "https://edge.netlify.com/bootstrap/context.ts": "e97240232121e2f369f6546ce961490f34d961ea1ea54be3ff09633e3f08373f",
    "https://edge.netlify.com/bootstrap/cookie.ts": "8b0baae708989ca183c6f3b4ab3d029e6abcbc2e43f93edeb0ff447b3bbc3a05",
    "https://edge.netlify.com/bootstrap/edge_function.ts": "b8253e86aa83c67341f5cfedeba5049d77fbf84dcab7eceff7566b7728ae9b39",
    "https://edge.netlify.com/bootstrap/globals/types.ts": "eaa6148ded3121d8dee62dd91c86e7fe76601df0f3ca8d7962243a30f4c8935f"
  },
  "workspace": {
    "packageJson": {
      "dependencies": [
        "npm:@aws-sdk/client-dynamodb@^3.876.0",
        "npm:@aws-sdk/lib-dynamodb@^3.876.0",
        "npm:@blocknote/core@0.35",
        "npm:@blocknote/mantine@0.35",
        "npm:@blocknote/react@0.35",
        "npm:@dnd-kit/core@^6.3.1",
        "npm:@dnd-kit/sortable@10",
        "npm:@dnd-kit/utilities@^3.2.2",
        "npm:@heroicons/react@^2.2.0",
        "npm:@netlify/plugin-nextjs@^5.15.7",
        "npm:@tiptap/extension-history@^3.1.0",
        "npm:@tiptap/extension-table-cell@^3.1.0",
        "npm:@tiptap/extension-table-header@^3.1.0",
        "npm:@tiptap/extension-table-row@^3.1.0",
        "npm:@types/bcryptjs@^2.4.6",
        "npm:@types/dompurify@^3.0.5",
        "npm:@types/jsonwebtoken@^9.0.10",
        "npm:@types/mongoose@^5.11.96",
        "npm:@types/node@^20.19.9",
        "npm:@types/nodemailer@^6.4.17",
        "npm:@types/react-dom@18",
        "npm:@types/react-select@5",
        "npm:@types/react@^18.3.23",
        "npm:@types/sharp@~0.31.1",
        "npm:@types/uuid@10",
        "npm:autoprefixer@10",
        "npm:axios@^1.6.2",
        "npm:bcryptjs@^3.0.2",
        "npm:chart.js@^4.5.0",
        "npm:cloudinary@^2.7.0",
        "npm:clsx@^2.1.1",
        "npm:crypto@^1.0.1",
        "npm:dompurify@^3.2.6",
        "npm:dotenv@^17.2.1",
        "npm:eslint-config-next@14",
        "npm:eslint@8",
        "npm:highlight.js@^11.11.1",
        "npm:jsonwebtoken@^9.0.2",
        "npm:lowlight@^3.3.0",
        "npm:lru-cache@^11.1.0",
        "npm:lucide-react@0.539",
        "npm:mongodb@^5.9.2",
        "npm:mongoose@^8.17.0",
        "npm:next-auth@^4.24.11",
        "npm:next-intl@^4.4.0",
        "npm:next-sitemap@^4.2.3",
        "npm:next@14",
        "npm:nodemailer@^6.10.1",
        "npm:postcss@8",
        "npm:quill-image-resize-module-react@3",
        "npm:react-chartjs-2@^5.3.0",
        "npm:react-dom@18",
        "npm:react-select@^5.10.2",
        "npm:react@^18.3.1",
        "npm:sharp@~0.34.3",
        "npm:socket.io-client@^4.8.1",
        "npm:socket.io@^4.8.1",
        "npm:tailwind-merge@^3.3.1",
        "npm:tailwindcss@3",
        "npm:typescript@5",
        "npm:uuid@^11.1.0"
      ]
    }
  }
}
